// !$*UTF8*$!
{
	archiveVersion = 1;
	classes = {
	};
	objectVersion = 50;
	objects = {

/* Begin PBXBuildFile section */
		B01D9815221108F700417531 /* AppDelegate.swift in Sources */ = {isa = PBXBuildFile; fileRef = B01D9814221108F700417531 /* AppDelegate.swift */; };
		B01D9817221108F700417531 /* ViewController.swift in Sources */ = {isa = PBXBuildFile; fileRef = B01D9816221108F700417531 /* ViewController.swift */; };
		B01D981A221108F700417531 /* Main.storyboard in Resources */ = {isa = PBXBuildFile; fileRef = B01D9818221108F700417531 /* Main.storyboard */; };
		B01D981C221108F800417531 /* Assets.xcassets in Resources */ = {isa = PBXBuildFile; fileRef = B01D981B221108F800417531 /* Assets.xcassets */; };
		B01D981F221108F800417531 /* LaunchScreen.storyboard in Resources */ = {isa = PBXBuildFile; fileRef = B01D981D221108F800417531 /* LaunchScreen.storyboard */; };
		B01D982722110E5000417531 /* SandwichOrBurgerClassifier.mlmodel in Sources */ = {isa = PBXBuildFile; fileRef = B01D982622110E5000417531 /* SandwichOrBurgerClassifier.mlmodel */; };
		B01D982A22110EBC00417531 /* README.md in Resources */ = {isa = PBXBuildFile; fileRef = B01D982922110EBC00417531 /* README.md */; };
		B01D982C22110FFE00417531 /* .gitignore in Resources */ = {isa = PBXBuildFile; fileRef = B01D982B22110FFE00417531 /* .gitignore */; };
		B01D983A2211106E00417531 /* images-8.jpg in Resources */ = {isa = PBXBuildFile; fileRef = B01D98362211106E00417531 /* images-8.jpg */; };
		B01D983B2211106E00417531 /* images.jpg in Resources */ = {isa = PBXBuildFile; fileRef = B01D98372211106E00417531 /* images.jpg */; };
		B01D983C2211106E00417531 /* images-9.jpg in Resources */ = {isa = PBXBuildFile; fileRef = B01D98382211106E00417531 /* images-9.jpg */; };
		B01D983D2211106E00417531 /* images-10.jpg in Resources */ = {isa = PBXBuildFile; fileRef = B01D98392211106E00417531 /* images-10.jpg */; };
		B01D98422211107700417531 /* images.jpg in Resources */ = {isa = PBXBuildFile; fileRef = B01D983E2211107700417531 /* images.jpg */; };
		B01D98432211107700417531 /* images-10.jpg in Resources */ = {isa = PBXBuildFile; fileRef = B01D983F2211107700417531 /* images-10.jpg */; };
		B01D98442211107700417531 /* images-12.jpg in Resources */ = {isa = PBXBuildFile; fileRef = B01D98402211107700417531 /* images-12.jpg */; };
		B01D98452211107700417531 /* images-11.jpg in Resources */ = {isa = PBXBuildFile; fileRef = B01D98412211107700417531 /* images-11.jpg */; };
		B01D98562211108500417531 /* download-1.jpg in Resources */ = {isa = PBXBuildFile; fileRef = B01D98462211108500417531 /* download-1.jpg */; };
		B01D98572211108500417531 /* download-4.jpg in Resources */ = {isa = PBXBuildFile; fileRef = B01D98472211108500417531 /* download-4.jpg */; };
		B01D98582211108500417531 /* images-3.jpg in Resources */ = {isa = PBXBuildFile; fileRef = B01D98482211108500417531 /* images-3.jpg */; };
		B01D98592211108500417531 /* download-7.jpg in Resources */ = {isa = PBXBuildFile; fileRef = B01D98492211108500417531 /* download-7.jpg */; };
		B01D985A2211108500417531 /* images-5.jpg in Resources */ = {isa = PBXBuildFile; fileRef = B01D984A2211108500417531 /* images-5.jpg */; };
		B01D985B2211108500417531 /* images-6.jpg in Resources */ = {isa = PBXBuildFile; fileRef = B01D984B2211108500417531 /* images-6.jpg */; };
		B01D985C2211108500417531 /* download-8.jpg in Resources */ = {isa = PBXBuildFile; fileRef = B01D984C2211108500417531 /* download-8.jpg */; };
		B01D985D2211108500417531 /* download.jpg in Resources */ = {isa = PBXBuildFile; fileRef = B01D984D2211108500417531 /* download.jpg */; };
		B01D985E2211108500417531 /* images-4.jpg in Resources */ = {isa = PBXBuildFile; fileRef = B01D984E2211108500417531 /* images-4.jpg */; };
		B01D985F2211108500417531 /* download-2.jpg in Resources */ = {isa = PBXBuildFile; fileRef = B01D984F2211108500417531 /* download-2.jpg */; };
		B01D98602211108500417531 /* download-5.jpg in Resources */ = {isa = PBXBuildFile; fileRef = B01D98502211108500417531 /* download-5.jpg */; };
		B01D98612211108500417531 /* download-6.jpg in Resources */ = {isa = PBXBuildFile; fileRef = B01D98512211108500417531 /* download-6.jpg */; };
		B01D98622211108500417531 /* images-1.jpg in Resources */ = {isa = PBXBuildFile; fileRef = B01D98522211108500417531 /* images-1.jpg */; };
		B01D98632211108500417531 /* download-3.jpg in Resources */ = {isa = PBXBuildFile; fileRef = B01D98532211108500417531 /* download-3.jpg */; };
		B01D98642211108500417531 /* images-2.jpg in Resources */ = {isa = PBXBuildFile; fileRef = B01D98542211108500417531 /* images-2.jpg */; };
		B01D98652211108500417531 /* images-7.jpg in Resources */ = {isa = PBXBuildFile; fileRef = B01D98552211108500417531 /* images-7.jpg */; };
		B01D98762211108F00417531 /* download-6.jpg in Resources */ = {isa = PBXBuildFile; fileRef = B01D98662211108E00417531 /* download-6.jpg */; };
		B01D98772211108F00417531 /* download-1.jpg in Resources */ = {isa = PBXBuildFile; fileRef = B01D98672211108E00417531 /* download-1.jpg */; };
		B01D98782211108F00417531 /* download-4.jpg in Resources */ = {isa = PBXBuildFile; fileRef = B01D98682211108E00417531 /* download-4.jpg */; };
		B01D98792211108F00417531 /* download.jpg in Resources */ = {isa = PBXBuildFile; fileRef = B01D98692211108E00417531 /* download.jpg */; };
		B01D987A2211108F00417531 /* images-4.jpg in Resources */ = {isa = PBXBuildFile; fileRef = B01D986A2211108F00417531 /* images-4.jpg */; };
		B01D987B2211108F00417531 /* download-5.jpg in Resources */ = {isa = PBXBuildFile; fileRef = B01D986B2211108F00417531 /* download-5.jpg */; };
		B01D987C2211108F00417531 /* images-8.jpg in Resources */ = {isa = PBXBuildFile; fileRef = B01D986C2211108F00417531 /* images-8.jpg */; };
		B01D987D2211108F00417531 /* images-2.jpg in Resources */ = {isa = PBXBuildFile; fileRef = B01D986D2211108F00417531 /* images-2.jpg */; };
		B01D987E2211108F00417531 /* images-9.jpg in Resources */ = {isa = PBXBuildFile; fileRef = B01D986E2211108F00417531 /* images-9.jpg */; };
		B01D987F2211108F00417531 /* download-2.jpg in Resources */ = {isa = PBXBuildFile; fileRef = B01D986F2211108F00417531 /* download-2.jpg */; };
		B01D98802211108F00417531 /* images-7.jpg in Resources */ = {isa = PBXBuildFile; fileRef = B01D98702211108F00417531 /* images-7.jpg */; };
		B01D98812211108F00417531 /* images-1.jpg in Resources */ = {isa = PBXBuildFile; fileRef = B01D98712211108F00417531 /* images-1.jpg */; };
		B01D98822211108F00417531 /* download-3.jpg in Resources */ = {isa = PBXBuildFile; fileRef = B01D98722211108F00417531 /* download-3.jpg */; };
		B01D98832211108F00417531 /* images-5.jpg in Resources */ = {isa = PBXBuildFile; fileRef = B01D98732211108F00417531 /* images-5.jpg */; };
		B01D98842211108F00417531 /* images-3.jpg in Resources */ = {isa = PBXBuildFile; fileRef = B01D98742211108F00417531 /* images-3.jpg */; };
		B01D98852211108F00417531 /* images-6.jpg in Resources */ = {isa = PBXBuildFile; fileRef = B01D98752211108F00417531 /* images-6.jpg */; };
/* End PBXBuildFile section */

/* Begin PBXFileReference section */
		B01D9811221108F700417531 /* MeatBetweenBread.app */ = {isa = PBXFileReference; explicitFileType = wrapper.application; includeInIndex = 0; path = MeatBetweenBread.app; sourceTree = BUILT_PRODUCTS_DIR; };
		B01D9814221108F700417531 /* AppDelegate.swift */ = {isa = PBXFileReference; lastKnownFileType = sourcecode.swift; path = AppDelegate.swift; sourceTree = "<group>"; };
		B01D9816221108F700417531 /* ViewController.swift */ = {isa = PBXFileReference; lastKnownFileType = sourcecode.swift; path = ViewController.swift; sourceTree = "<group>"; };
		B01D9819221108F700417531 /* Base */ = {isa = PBXFileReference; lastKnownFileType = file.storyboard; name = Base; path = Base.lproj/Main.storyboard; sourceTree = "<group>"; };
		B01D981B221108F800417531 /* Assets.xcassets */ = {isa = PBXFileReference; lastKnownFileType = folder.assetcatalog; path = Assets.xcassets; sourceTree = "<group>"; };
		B01D981E221108F800417531 /* Base */ = {isa = PBXFileReference; lastKnownFileType = file.storyboard; name = Base; path = Base.lproj/LaunchScreen.storyboard; sourceTree = "<group>"; };
		B01D9820221108F900417531 /* Info.plist */ = {isa = PBXFileReference; lastKnownFileType = text.plist.xml; path = Info.plist; sourceTree = "<group>"; };
		B01D982622110E5000417531 /* SandwichOrBurgerClassifier.mlmodel */ = {isa = PBXFileReference; lastKnownFileType = file.mlmodel; path = SandwichOrBurgerClassifier.mlmodel; sourceTree = "<group>"; };
		B01D982922110EBC00417531 /* README.md */ = {isa = PBXFileReference; fileEncoding = 4; lastKnownFileType = net.daringfireball.markdown; path = README.md; sourceTree = "<group>"; };
		B01D982B22110FFE00417531 /* .gitignore */ = {isa = PBXFileReference; fileEncoding = 4; lastKnownFileType = text; path = .gitignore; sourceTree = "<group>"; };
		B01D98362211106E00417531 /* images-8.jpg */ = {isa = PBXFileReference; lastKnownFileType = image.jpeg; path = "images-8.jpg"; sourceTree = "<group>"; };
		B01D98372211106E00417531 /* images.jpg */ = {isa = PBXFileReference; lastKnownFileType = image.jpeg; path = images.jpg; sourceTree = "<group>"; };
		B01D98382211106E00417531 /* images-9.jpg */ = {isa = PBXFileReference; lastKnownFileType = image.jpeg; path = "images-9.jpg"; sourceTree = "<group>"; };
		B01D98392211106E00417531 /* images-10.jpg */ = {isa = PBXFileReference; lastKnownFileType = image.jpeg; path = "images-10.jpg"; sourceTree = "<group>"; };
		B01D983E2211107700417531 /* images.jpg */ = {isa = PBXFileReference; lastKnownFileType = image.jpeg; path = images.jpg; sourceTree = "<group>"; };
		B01D983F2211107700417531 /* images-10.jpg */ = {isa = PBXFileReference; lastKnownFileType = image.jpeg; path = "images-10.jpg"; sourceTree = "<group>"; };
		B01D98402211107700417531 /* images-12.jpg */ = {isa = PBXFileReference; lastKnownFileType = image.jpeg; path = "images-12.jpg"; sourceTree = "<group>"; };
		B01D98412211107700417531 /* images-11.jpg */ = {isa = PBXFileReference; lastKnownFileType = image.jpeg; path = "images-11.jpg"; sourceTree = "<group>"; };
		B01D98462211108500417531 /* download-1.jpg */ = {isa = PBXFileReference; lastKnownFileType = image.jpeg; path = "download-1.jpg"; sourceTree = "<group>"; };
		B01D98472211108500417531 /* download-4.jpg */ = {isa = PBXFileReference; lastKnownFileType = image.jpeg; path = "download-4.jpg"; sourceTree = "<group>"; };
		B01D98482211108500417531 /* images-3.jpg */ = {isa = PBXFileReference; lastKnownFileType = image.jpeg; path = "images-3.jpg"; sourceTree = "<group>"; };
		B01D98492211108500417531 /* download-7.jpg */ = {isa = PBXFileReference; lastKnownFileType = image.jpeg; path = "download-7.jpg"; sourceTree = "<group>"; };
		B01D984A2211108500417531 /* images-5.jpg */ = {isa = PBXFileReference; lastKnownFileType = image.jpeg; path = "images-5.jpg"; sourceTree = "<group>"; };
		B01D984B2211108500417531 /* images-6.jpg */ = {isa = PBXFileReference; lastKnownFileType = image.jpeg; path = "images-6.jpg"; sourceTree = "<group>"; };
		B01D984C2211108500417531 /* download-8.jpg */ = {isa = PBXFileReference; lastKnownFileType = image.jpeg; path = "download-8.jpg"; sourceTree = "<group>"; };
		B01D984D2211108500417531 /* download.jpg */ = {isa = PBXFileReference; lastKnownFileType = image.jpeg; path = download.jpg; sourceTree = "<group>"; };
		B01D984E2211108500417531 /* images-4.jpg */ = {isa = PBXFileReference; lastKnownFileType = image.jpeg; path = "images-4.jpg"; sourceTree = "<group>"; };
		B01D984F2211108500417531 /* download-2.jpg */ = {isa = PBXFileReference; lastKnownFileType = image.jpeg; path = "download-2.jpg"; sourceTree = "<group>"; };
		B01D98502211108500417531 /* download-5.jpg */ = {isa = PBXFileReference; lastKnownFileType = image.jpeg; path = "download-5.jpg"; sourceTree = "<group>"; };
		B01D98512211108500417531 /* download-6.jpg */ = {isa = PBXFileReference; lastKnownFileType = image.jpeg; path = "download-6.jpg"; sourceTree = "<group>"; };
		B01D98522211108500417531 /* images-1.jpg */ = {isa = PBXFileReference; lastKnownFileType = image.jpeg; path = "images-1.jpg"; sourceTree = "<group>"; };
		B01D98532211108500417531 /* download-3.jpg */ = {isa = PBXFileReference; lastKnownFileType = image.jpeg; path = "download-3.jpg"; sourceTree = "<group>"; };
		B01D98542211108500417531 /* images-2.jpg */ = {isa = PBXFileReference; lastKnownFileType = image.jpeg; path = "images-2.jpg"; sourceTree = "<group>"; };
		B01D98552211108500417531 /* images-7.jpg */ = {isa = PBXFileReference; lastKnownFileType = image.jpeg; path = "images-7.jpg"; sourceTree = "<group>"; };
		B01D98662211108E00417531 /* download-6.jpg */ = {isa = PBXFileReference; lastKnownFileType = image.jpeg; path = "download-6.jpg"; sourceTree = "<group>"; };
		B01D98672211108E00417531 /* download-1.jpg */ = {isa = PBXFileReference; lastKnownFileType = image.jpeg; path = "download-1.jpg"; sourceTree = "<group>"; };
		B01D98682211108E00417531 /* download-4.jpg */ = {isa = PBXFileReference; lastKnownFileType = image.jpeg; path = "download-4.jpg"; sourceTree = "<group>"; };
		B01D98692211108E00417531 /* download.jpg */ = {isa = PBXFileReference; lastKnownFileType = image.jpeg; path = download.jpg; sourceTree = "<group>"; };
		B01D986A2211108F00417531 /* images-4.jpg */ = {isa = PBXFileReference; lastKnownFileType = image.jpeg; path = "images-4.jpg"; sourceTree = "<group>"; };
		B01D986B2211108F00417531 /* download-5.jpg */ = {isa = PBXFileReference; lastKnownFileType = image.jpeg; path = "download-5.jpg"; sourceTree = "<group>"; };
		B01D986C2211108F00417531 /* images-8.jpg */ = {isa = PBXFileReference; lastKnownFileType = image.jpeg; path = "images-8.jpg"; sourceTree = "<group>"; };
		B01D986D2211108F00417531 /* images-2.jpg */ = {isa = PBXFileReference; lastKnownFileType = image.jpeg; path = "images-2.jpg"; sourceTree = "<group>"; };
		B01D986E2211108F00417531 /* images-9.jpg */ = {isa = PBXFileReference; lastKnownFileType = image.jpeg; path = "images-9.jpg"; sourceTree = "<group>"; };
		B01D986F2211108F00417531 /* download-2.jpg */ = {isa = PBXFileReference; lastKnownFileType = image.jpeg; path = "download-2.jpg"; sourceTree = "<group>"; };
		B01D98702211108F00417531 /* images-7.jpg */ = {isa = PBXFileReference; lastKnownFileType = image.jpeg; path = "images-7.jpg"; sourceTree = "<group>"; };
		B01D98712211108F00417531 /* images-1.jpg */ = {isa = PBXFileReference; lastKnownFileType = image.jpeg; path = "images-1.jpg"; sourceTree = "<group>"; };
		B01D98722211108F00417531 /* download-3.jpg */ = {isa = PBXFileReference; lastKnownFileType = image.jpeg; path = "download-3.jpg"; sourceTree = "<group>"; };
		B01D98732211108F00417531 /* images-5.jpg */ = {isa = PBXFileReference; lastKnownFileType = image.jpeg; path = "images-5.jpg"; sourceTree = "<group>"; };
		B01D98742211108F00417531 /* images-3.jpg */ = {isa = PBXFileReference; lastKnownFileType = image.jpeg; path = "images-3.jpg"; sourceTree = "<group>"; };
		B01D98752211108F00417531 /* images-6.jpg */ = {isa = PBXFileReference; lastKnownFileType = image.jpeg; path = "images-6.jpg"; sourceTree = "<group>"; };
/* End PBXFileReference section */

/* Begin PBXFrameworksBuildPhase section */
		B01D980E221108F700417531 /* Frameworks */ = {
			isa = PBXFrameworksBuildPhase;
			buildActionMask = 2147483647;
			files = (
			);
			runOnlyForDeploymentPostprocessing = 0;
		};
/* End PBXFrameworksBuildPhase section */

/* Begin PBXGroup section */
		B01D9808221108F700417531 = {
			isa = PBXGroup;
			children = (
				B01D982922110EBC00417531 /* README.md */,
				B01D9813221108F700417531 /* MeatBetweenBread */,
				B01D9812221108F700417531 /* Products */,
			);
			sourceTree = "<group>";
		};
		B01D9812221108F700417531 /* Products */ = {
			isa = PBXGroup;
			children = (
				B01D9811221108F700417531 /* MeatBetweenBread.app */,
			);
			name = Products;
			sourceTree = "<group>";
		};
		B01D9813221108F700417531 /* MeatBetweenBread */ = {
			isa = PBXGroup;
			children = (
				B01D982D2211100600417531 /* devOnly */,
				B01D9814221108F700417531 /* AppDelegate.swift */,
				B01D9816221108F700417531 /* ViewController.swift */,
				B01D9818221108F700417531 /* Main.storyboard */,
				B01D981B221108F800417531 /* Assets.xcassets */,
				B01D982622110E5000417531 /* SandwichOrBurgerClassifier.mlmodel */,
				B01D981D221108F800417531 /* LaunchScreen.storyboard */,
				B01D9820221108F900417531 /* Info.plist */,
				B01D982B22110FFE00417531 /* .gitignore */,
			);
			path = MeatBetweenBread;
			sourceTree = "<group>";
		};
		B01D982D2211100600417531 /* devOnly */ = {
			isa = PBXGroup;
			children = (
				B01D982E2211101800417531 /* mlmodel */,
			);
			path = devOnly;
			sourceTree = "<group>";
		};
		B01D982E2211101800417531 /* mlmodel */ = {
			isa = PBXGroup;
			children = (
				B01D98312211103E00417531 /* training-data */,
				B01D98302211103400417531 /* testing-data */,
			);
			path = mlmodel;
			sourceTree = "<group>";
		};
		B01D98302211103400417531 /* testing-data */ = {
			isa = PBXGroup;
			children = (
				B01D98352211105D00417531 /* burger */,
				B01D98342211105200417531 /* sandwich */,
			);
			path = "testing-data";
			sourceTree = "<group>";
		};
		B01D98312211103E00417531 /* training-data */ = {
			isa = PBXGroup;
			children = (
				B01D98332211104C00417531 /* burger */,
				B01D98322211104400417531 /* sandwich */,
			);
			path = "training-data";
			sourceTree = "<group>";
		};
		B01D98322211104400417531 /* sandwich */ = {
			isa = PBXGroup;
			children = (
				B01D98672211108E00417531 /* download-1.jpg */,
				B01D986F2211108F00417531 /* download-2.jpg */,
				B01D98722211108F00417531 /* download-3.jpg */,
				B01D98682211108E00417531 /* download-4.jpg */,
				B01D986B2211108F00417531 /* download-5.jpg */,
				B01D98662211108E00417531 /* download-6.jpg */,
				B01D98692211108E00417531 /* download.jpg */,
				B01D98712211108F00417531 /* images-1.jpg */,
				B01D986D2211108F00417531 /* images-2.jpg */,
				B01D98742211108F00417531 /* images-3.jpg */,
				B01D986A2211108F00417531 /* images-4.jpg */,
				B01D98732211108F00417531 /* images-5.jpg */,
				B01D98752211108F00417531 /* images-6.jpg */,
				B01D98702211108F00417531 /* images-7.jpg */,
				B01D986C2211108F00417531 /* images-8.jpg */,
				B01D986E2211108F00417531 /* images-9.jpg */,
			);
			path = sandwich;
			sourceTree = "<group>";
		};
		B01D98332211104C00417531 /* burger */ = {
			isa = PBXGroup;
			children = (
				B01D98462211108500417531 /* download-1.jpg */,
				B01D984F2211108500417531 /* download-2.jpg */,
				B01D98532211108500417531 /* download-3.jpg */,
				B01D98472211108500417531 /* download-4.jpg */,
				B01D98502211108500417531 /* download-5.jpg */,
				B01D98512211108500417531 /* download-6.jpg */,
				B01D98492211108500417531 /* download-7.jpg */,
				B01D984C2211108500417531 /* download-8.jpg */,
				B01D984D2211108500417531 /* download.jpg */,
				B01D98522211108500417531 /* images-1.jpg */,
				B01D98542211108500417531 /* images-2.jpg */,
				B01D98482211108500417531 /* images-3.jpg */,
				B01D984E2211108500417531 /* images-4.jpg */,
				B01D984A2211108500417531 /* images-5.jpg */,
				B01D984B2211108500417531 /* images-6.jpg */,
				B01D98552211108500417531 /* images-7.jpg */,
			);
			path = burger;
			sourceTree = "<group>";
		};
		B01D98342211105200417531 /* sandwich */ = {
			isa = PBXGroup;
			children = (
				B01D983F2211107700417531 /* images-10.jpg */,
				B01D98412211107700417531 /* images-11.jpg */,
				B01D98402211107700417531 /* images-12.jpg */,
				B01D983E2211107700417531 /* images.jpg */,
			);
			path = sandwich;
			sourceTree = "<group>";
		};
		B01D98352211105D00417531 /* burger */ = {
			isa = PBXGroup;
			children = (
				B01D98362211106E00417531 /* images-8.jpg */,
				B01D98382211106E00417531 /* images-9.jpg */,
				B01D98392211106E00417531 /* images-10.jpg */,
				B01D98372211106E00417531 /* images.jpg */,
			);
			path = burger;
			sourceTree = "<group>";
		};
/* End PBXGroup section */

/* Begin PBXNativeTarget section */
		B01D9810221108F700417531 /* MeatBetweenBread */ = {
			isa = PBXNativeTarget;
			buildConfigurationList = B01D9823221108F900417531 /* Build configuration list for PBXNativeTarget "MeatBetweenBread" */;
			buildPhases = (
				B01D980D221108F700417531 /* Sources */,
				B01D980E221108F700417531 /* Frameworks */,
				B01D980F221108F700417531 /* Resources */,
			);
			buildRules = (
			);
			dependencies = (
			);
			name = MeatBetweenBread;
			productName = MeatBetweenBread;
			productReference = B01D9811221108F700417531 /* MeatBetweenBread.app */;
			productType = "com.apple.product-type.application";
		};
/* End PBXNativeTarget section */

/* Begin PBXProject section */
		B01D9809221108F700417531 /* Project object */ = {
			isa = PBXProject;
			attributes = {
				LastSwiftUpdateCheck = 1010;
				LastUpgradeCheck = 1010;
				ORGANIZATIONNAME = "Dylan Rothfeld";
				TargetAttributes = {
					B01D9810221108F700417531 = {
						CreatedOnToolsVersion = 10.1;
					};
				};
			};
			buildConfigurationList = B01D980C221108F700417531 /* Build configuration list for PBXProject "MeatBetweenBread" */;
			compatibilityVersion = "Xcode 9.3";
			developmentRegion = en;
			hasScannedForEncodings = 0;
			knownRegions = (
				en,
				Base,
			);
			mainGroup = B01D9808221108F700417531;
			productRefGroup = B01D9812221108F700417531 /* Products */;
			projectDirPath = "";
			projectRoot = "";
			targets = (
				B01D9810221108F700417531 /* MeatBetweenBread */,
			);
		};
/* End PBXProject section */

/* Begin PBXResourcesBuildPhase section */
		B01D980F221108F700417531 /* Resources */ = {
			isa = PBXResourcesBuildPhase;
			buildActionMask = 2147483647;
			files = (
				B01D985F2211108500417531 /* download-2.jpg in Resources */,
				B01D982C22110FFE00417531 /* .gitignore in Resources */,
				B01D98582211108500417531 /* images-3.jpg in Resources */,
				B01D98422211107700417531 /* images.jpg in Resources */,
				B01D987B2211108F00417531 /* download-5.jpg in Resources */,
				B01D98822211108F00417531 /* download-3.jpg in Resources */,
				B01D98612211108500417531 /* download-6.jpg in Resources */,
				B01D987F2211108F00417531 /* download-2.jpg in Resources */,
				B01D98632211108500417531 /* download-3.jpg in Resources */,
				B01D983D2211106E00417531 /* images-10.jpg in Resources */,
				B01D981F221108F800417531 /* LaunchScreen.storyboard in Resources */,
				B01D98592211108500417531 /* download-7.jpg in Resources */,
				B01D98772211108F00417531 /* download-1.jpg in Resources */,
				B01D985E2211108500417531 /* images-4.jpg in Resources */,
				B01D985B2211108500417531 /* images-6.jpg in Resources */,
				B01D98572211108500417531 /* download-4.jpg in Resources */,
				B01D98832211108F00417531 /* images-5.jpg in Resources */,
				B01D98852211108F00417531 /* images-6.jpg in Resources */,
				B01D987D2211108F00417531 /* images-2.jpg in Resources */,
				B01D98642211108500417531 /* images-2.jpg in Resources */,
				B01D98452211107700417531 /* images-11.jpg in Resources */,
				B01D98762211108F00417531 /* download-6.jpg in Resources */,
				B01D983A2211106E00417531 /* images-8.jpg in Resources */,
				B01D981C221108F800417531 /* Assets.xcassets in Resources */,
				B01D987A2211108F00417531 /* images-4.jpg in Resources */,
				B01D98652211108500417531 /* images-7.jpg in Resources */,
				B01D98432211107700417531 /* images-10.jpg in Resources */,
				B01D983B2211106E00417531 /* images.jpg in Resources */,
				B01D98602211108500417531 /* download-5.jpg in Resources */,
				B01D987E2211108F00417531 /* images-9.jpg in Resources */,
				B01D98812211108F00417531 /* images-1.jpg in Resources */,
				B01D98782211108F00417531 /* download-4.jpg in Resources */,
				B01D982A22110EBC00417531 /* README.md in Resources */,
				B01D987C2211108F00417531 /* images-8.jpg in Resources */,
				B01D98842211108F00417531 /* images-3.jpg in Resources */,
				B01D985C2211108500417531 /* download-8.jpg in Resources */,
				B01D98792211108F00417531 /* download.jpg in Resources */,
				B01D98622211108500417531 /* images-1.jpg in Resources */,
				B01D981A221108F700417531 /* Main.storyboard in Resources */,
				B01D98442211107700417531 /* images-12.jpg in Resources */,
				B01D983C2211106E00417531 /* images-9.jpg in Resources */,
				B01D98562211108500417531 /* download-1.jpg in Resources */,
				B01D98802211108F00417531 /* images-7.jpg in Resources */,
				B01D985D2211108500417531 /* download.jpg in Resources */,
				B01D985A2211108500417531 /* images-5.jpg in Resources */,
			);
			runOnlyForDeploymentPostprocessing = 0;
		};
/* End PBXResourcesBuildPhase section */

/* Begin PBXSourcesBuildPhase section */
		B01D980D221108F700417531 /* Sources */ = {
			isa = PBXSourcesBuildPhase;
			buildActionMask = 2147483647;
			files = (
				B01D9817221108F700417531 /* ViewController.swift in Sources */,
				B01D9815221108F700417531 /* AppDelegate.swift in Sources */,
				B01D982722110E5000417531 /* SandwichOrBurgerClassifier.mlmodel in Sources */,
			);
			runOnlyForDeploymentPostprocessing = 0;
		};
/* End PBXSourcesBuildPhase section */

/* Begin PBXVariantGroup section */
		B01D9818221108F700417531 /* Main.storyboard */ = {
			isa = PBXVariantGroup;
			children = (
				B01D9819221108F700417531 /* Base */,
			);
			name = Main.storyboard;
			sourceTree = "<group>";
		};
		B01D981D221108F800417531 /* LaunchScreen.storyboard */ = {
			isa = PBXVariantGroup;
			children = (
				B01D981E221108F800417531 /* Base */,
			);
			name = LaunchScreen.storyboard;
			sourceTree = "<group>";
		};
/* End PBXVariantGroup section */

/* Begin XCBuildConfiguration section */
		B01D9821221108F900417531 /* Debug */ = {
			isa = XCBuildConfiguration;
			buildSettings = {
				ALWAYS_SEARCH_USER_PATHS = NO;
				CLANG_ANALYZER_NONNULL = YES;
				CLANG_ANALYZER_NUMBER_OBJECT_CONVERSION = YES_AGGRESSIVE;
				CLANG_CXX_LANGUAGE_STANDARD = "gnu++14";
				CLANG_CXX_LIBRARY = "libc++";
				CLANG_ENABLE_MODULES = YES;
				CLANG_ENABLE_OBJC_ARC = YES;
				CLANG_ENABLE_OBJC_WEAK = YES;
				CLANG_WARN_BLOCK_CAPTURE_AUTORELEASING = YES;
				CLANG_WARN_BOOL_CONVERSION = YES;
				CLANG_WARN_COMMA = YES;
				CLANG_WARN_CONSTANT_CONVERSION = YES;
				CLANG_WARN_DEPRECATED_OBJC_IMPLEMENTATIONS = YES;
				CLANG_WARN_DIRECT_OBJC_ISA_USAGE = YES_ERROR;
				CLANG_WARN_DOCUMENTATION_COMMENTS = YES;
				CLANG_WARN_EMPTY_BODY = YES;
				CLANG_WARN_ENUM_CONVERSION = YES;
				CLANG_WARN_INFINITE_RECURSION = YES;
				CLANG_WARN_INT_CONVERSION = YES;
				CLANG_WARN_NON_LITERAL_NULL_CONVERSION = YES;
				CLANG_WARN_OBJC_IMPLICIT_RETAIN_SELF = YES;
				CLANG_WARN_OBJC_LITERAL_CONVERSION = YES;
				CLANG_WARN_OBJC_ROOT_CLASS = YES_ERROR;
				CLANG_WARN_RANGE_LOOP_ANALYSIS = YES;
				CLANG_WARN_STRICT_PROTOTYPES = YES;
				CLANG_WARN_SUSPICIOUS_MOVE = YES;
				CLANG_WARN_UNGUARDED_AVAILABILITY = YES_AGGRESSIVE;
				CLANG_WARN_UNREACHABLE_CODE = YES;
				CLANG_WARN__DUPLICATE_METHOD_MATCH = YES;
				CODE_SIGN_IDENTITY = "iPhone Developer";
				COPY_PHASE_STRIP = NO;
				DEBUG_INFORMATION_FORMAT = dwarf;
				ENABLE_STRICT_OBJC_MSGSEND = YES;
				ENABLE_TESTABILITY = YES;
				GCC_C_LANGUAGE_STANDARD = gnu11;
				GCC_DYNAMIC_NO_PIC = NO;
				GCC_NO_COMMON_BLOCKS = YES;
				GCC_OPTIMIZATION_LEVEL = 0;
				GCC_PREPROCESSOR_DEFINITIONS = (
					"DEBUG=1",
					"$(inherited)",
				);
				GCC_WARN_64_TO_32_BIT_CONVERSION = YES;
				GCC_WARN_ABOUT_RETURN_TYPE = YES_ERROR;
				GCC_WARN_UNDECLARED_SELECTOR = YES;
				GCC_WARN_UNINITIALIZED_AUTOS = YES_AGGRESSIVE;
				GCC_WARN_UNUSED_FUNCTION = YES;
				GCC_WARN_UNUSED_VARIABLE = YES;
				IPHONEOS_DEPLOYMENT_TARGET = 12.1;
				MTL_ENABLE_DEBUG_INFO = INCLUDE_SOURCE;
				MTL_FAST_MATH = YES;
				ONLY_ACTIVE_ARCH = YES;
				SDKROOT = iphoneos;
				SWIFT_ACTIVE_COMPILATION_CONDITIONS = DEBUG;
				SWIFT_OPTIMIZATION_LEVEL = "-Onone";
			};
			name = Debug;
		};
		B01D9822221108F900417531 /* Release */ = {
			isa = XCBuildConfiguration;
			buildSettings = {
				ALWAYS_SEARCH_USER_PATHS = NO;
				CLANG_ANALYZER_NONNULL = YES;
				CLANG_ANALYZER_NUMBER_OBJECT_CONVERSION = YES_AGGRESSIVE;
				CLANG_CXX_LANGUAGE_STANDARD = "gnu++14";
				CLANG_CXX_LIBRARY = "libc++";
				CLANG_ENABLE_MODULES = YES;
				CLANG_ENABLE_OBJC_ARC = YES;
				CLANG_ENABLE_OBJC_WEAK = YES;
				CLANG_WARN_BLOCK_CAPTURE_AUTORELEASING = YES;
				CLANG_WARN_BOOL_CONVERSION = YES;
				CLANG_WARN_COMMA = YES;
				CLANG_WARN_CONSTANT_CONVERSION = YES;
				CLANG_WARN_DEPRECATED_OBJC_IMPLEMENTATIONS = YES;
				CLANG_WARN_DIRECT_OBJC_ISA_USAGE = YES_ERROR;
				CLANG_WARN_DOCUMENTATION_COMMENTS = YES;
				CLANG_WARN_EMPTY_BODY = YES;
				CLANG_WARN_ENUM_CONVERSION = YES;
				CLANG_WARN_INFINITE_RECURSION = YES;
				CLANG_WARN_INT_CONVERSION = YES;
				CLANG_WARN_NON_LITERAL_NULL_CONVERSION = YES;
				CLANG_WARN_OBJC_IMPLICIT_RETAIN_SELF = YES;
				CLANG_WARN_OBJC_LITERAL_CONVERSION = YES;
				CLANG_WARN_OBJC_ROOT_CLASS = YES_ERROR;
				CLANG_WARN_RANGE_LOOP_ANALYSIS = YES;
				CLANG_WARN_STRICT_PROTOTYPES = YES;
				CLANG_WARN_SUSPICIOUS_MOVE = YES;
				CLANG_WARN_UNGUARDED_AVAILABILITY = YES_AGGRESSIVE;
				CLANG_WARN_UNREACHABLE_CODE = YES;
				CLANG_WARN__DUPLICATE_METHOD_MATCH = YES;
				CODE_SIGN_IDENTITY = "iPhone Developer";
				COPY_PHASE_STRIP = NO;
				DEBUG_INFORMATION_FORMAT = "dwarf-with-dsym";
				ENABLE_NS_ASSERTIONS = NO;
				ENABLE_STRICT_OBJC_MSGSEND = YES;
				GCC_C_LANGUAGE_STANDARD = gnu11;
				GCC_NO_COMMON_BLOCKS = YES;
				GCC_WARN_64_TO_32_BIT_CONVERSION = YES;
				GCC_WARN_ABOUT_RETURN_TYPE = YES_ERROR;
				GCC_WARN_UNDECLARED_SELECTOR = YES;
				GCC_WARN_UNINITIALIZED_AUTOS = YES_AGGRESSIVE;
				GCC_WARN_UNUSED_FUNCTION = YES;
				GCC_WARN_UNUSED_VARIABLE = YES;
				IPHONEOS_DEPLOYMENT_TARGET = 12.1;
				MTL_ENABLE_DEBUG_INFO = NO;
				MTL_FAST_MATH = YES;
				SDKROOT = iphoneos;
				SWIFT_COMPILATION_MODE = wholemodule;
				SWIFT_OPTIMIZATION_LEVEL = "-O";
				VALIDATE_PRODUCT = YES;
			};
			name = Release;
		};
		B01D9824221108F900417531 /* Debug */ = {
			isa = XCBuildConfiguration;
			buildSettings = {
				ASSETCATALOG_COMPILER_APPICON_NAME = AppIcon;
				CODE_SIGN_STYLE = Automatic;
				DEVELOPMENT_TEAM = X984X22XTP;
				INFOPLIST_FILE = MeatBetweenBread/Info.plist;
				LD_RUNPATH_SEARCH_PATHS = (
					"$(inherited)",
					"@executable_path/Frameworks",
				);
				PRODUCT_BUNDLE_IDENTIFIER = drothfeld.MeatBetweenBread;
				PRODUCT_NAME = "$(TARGET_NAME)";
				SWIFT_VERSION = 4.2;
				TARGETED_DEVICE_FAMILY = "1,2";
			};
			name = Debug;
		};
		B01D9825221108F900417531 /* Release */ = {
			isa = XCBuildConfiguration;
			buildSettings = {
				ASSETCATALOG_COMPILER_APPICON_NAME = AppIcon;
				CODE_SIGN_STYLE = Automatic;
				DEVELOPMENT_TEAM = X984X22XTP;
				INFOPLIST_FILE = MeatBetweenBread/Info.plist;
				LD_RUNPATH_SEARCH_PATHS = (
					"$(inherited)",
					"@executable_path/Frameworks",
				);
				PRODUCT_BUNDLE_IDENTIFIER = drothfeld.MeatBetweenBread;
				PRODUCT_NAME = "$(TARGET_NAME)";
				SWIFT_VERSION = 4.2;
				TARGETED_DEVICE_FAMILY = "1,2";
			};
			name = Release;
		};
/* End XCBuildConfiguration section */

/* Begin XCConfigurationList section */
		B01D980C221108F700417531 /* Build configuration list for PBXProject "MeatBetweenBread" */ = {
			isa = XCConfigurationList;
			buildConfigurations = (
				B01D9821221108F900417531 /* Debug */,
				B01D9822221108F900417531 /* Release */,
			);
			defaultConfigurationIsVisible = 0;
			defaultConfigurationName = Release;
		};
		B01D9823221108F900417531 /* Build configuration list for PBXNativeTarget "MeatBetweenBread" */ = {
			isa = XCConfigurationList;
			buildConfigurations = (
				B01D9824221108F900417531 /* Debug */,
				B01D9825221108F900417531 /* Release */,
			);
			defaultConfigurationIsVisible = 0;
			defaultConfigurationName = Release;
		};
/* End XCConfigurationList section */
	};
	rootObject = B01D9809221108F700417531 /* Project object */;
}
